
Microsoft Visual Studio Solution File, Format Version 12.00
# Visual Studio Version 17
VisualStudioVersion = 17.0.31903.59
MinimumVisualStudioVersion = 10.0.40219.1
Project("{FAE04EC0-301F-11D3-BF4B-00C04F79EFBC}") = "SchoolRegister.Web", "SchoolRegister.Web\SchoolRegister.Web.csproj", "{F67200B4-5132-4416-AEEE-FAFB7FFEEB45}"
EndProject
Project("{FAE04EC0-301F-11D3-BF4B-00C04F79EFBC}") = "SchoolRegister.Model", "SchoolRegister.Model\SchoolRegister.Model.csproj", "{3B349D0A-0012-4097-B205-CAD83EC7FD67}"
EndProject
Project("{FAE04EC0-301F-11D3-BF4B-00C04F79EFBC}") = "SchoolRegister.DAL", "SchoolRegister.DAL\SchoolRegister.DAL.csproj", "{8E53DCAB-041B-43AB-8C26-C52AC077D80E}"
EndProject
Project("{FAE04EC0-301F-11D3-BF4B-00C04F79EFBC}") = "SchoolRegister.Services", "SchoolRegister.Services\SchoolRegister.Services.csproj", "{12714AD5-81B7-4843-830E-A5B6A21E7758}"
EndProject
Project("{FAE04EC0-301F-11D3-BF4B-00C04F79EFBC}") = "SchoolRegister.ViewModels", "SchoolRegister.ViewModels\SchoolRegister.ViewModels.csproj", "{3C4160C7-E433-4D35-AD1F-E1C7AAF33FD5}"
EndProject
Project("{FAE04EC0-301F-11D3-BF4B-00C04F79EFBC}") = "SchoolRegister.Tests", "SchoolRegister.Tests\SchoolRegister.Tests.csproj", "{A2C2A35B-FE78-4C3F-A48E-375646FAB9B7}"
EndProject
Global
	GlobalSection(SolutionConfigurationPlatforms) = preSolution
		Debug|Any CPU = Debug|Any CPU
		Debug|x64 = Debug|x64
		Debug|x86 = Debug|x86
		Release|Any CPU = Release|Any CPU
		Release|x64 = Release|x64
		Release|x86 = Release|x86
	EndGlobalSection
	GlobalSection(ProjectConfigurationPlatforms) = postSolution
		{F67200B4-5132-4416-AEEE-FAFB7FFEEB45}.Debug|Any CPU.ActiveCfg = Debug|Any CPU
		{F67200B4-5132-4416-AEEE-FAFB7FFEEB45}.Debug|Any CPU.Build.0 = Debug|Any CPU
		{F67200B4-5132-4416-AEEE-FAFB7FFEEB45}.Debug|x64.ActiveCfg = Debug|Any CPU
		{F67200B4-5132-4416-AEEE-FAFB7FFEEB45}.Debug|x64.Build.0 = Debug|Any CPU
		{F67200B4-5132-4416-AEEE-FAFB7FFEEB45}.Debug|x86.ActiveCfg = Debug|Any CPU
		{F67200B4-5132-4416-AEEE-FAFB7FFEEB45}.Debug|x86.Build.0 = Debug|Any CPU
		{F67200B4-5132-4416-AEEE-FAFB7FFEEB45}.Release|Any CPU.ActiveCfg = Release|Any CPU
		{F67200B4-5132-4416-AEEE-FAFB7FFEEB45}.Release|Any CPU.Build.0 = Release|Any CPU
		{F67200B4-5132-4416-AEEE-FAFB7FFEEB45}.Release|x64.ActiveCfg = Release|Any CPU
		{F67200B4-5132-4416-AEEE-FAFB7FFEEB45}.Release|x64.Build.0 = Release|Any CPU
		{F67200B4-5132-4416-AEEE-FAFB7FFEEB45}.Release|x86.ActiveCfg = Release|Any CPU
		{F67200B4-5132-4416-AEEE-FAFB7FFEEB45}.Release|x86.Build.0 = Release|Any CPU
		{3B349D0A-0012-4097-B205-CAD83EC7FD67}.Debug|Any CPU.ActiveCfg = Debug|Any CPU
		{3B349D0A-0012-4097-B205-CAD83EC7FD67}.Debug|Any CPU.Build.0 = Debug|Any CPU
		{3B349D0A-0012-4097-B205-CAD83EC7FD67}.Debug|x64.ActiveCfg = Debug|Any CPU
		{3B349D0A-0012-4097-B205-CAD83EC7FD67}.Debug|x64.Build.0 = Debug|Any CPU
		{3B349D0A-0012-4097-B205-CAD83EC7FD67}.Debug|x86.ActiveCfg = Debug|Any CPU
		{3B349D0A-0012-4097-B205-CAD83EC7FD67}.Debug|x86.Build.0 = Debug|Any CPU
		{3B349D0A-0012-4097-B205-CAD83EC7FD67}.Release|Any CPU.ActiveCfg = Release|Any CPU
		{3B349D0A-0012-4097-B205-CAD83EC7FD67}.Release|Any CPU.Build.0 = Release|Any CPU
		{3B349D0A-0012-4097-B205-CAD83EC7FD67}.Release|x64.ActiveCfg = Release|Any CPU
		{3B349D0A-0012-4097-B205-CAD83EC7FD67}.Release|x64.Build.0 = Release|Any CPU
		{3B349D0A-0012-4097-B205-CAD83EC7FD67}.Release|x86.ActiveCfg = Release|Any CPU
		{3B349D0A-0012-4097-B205-CAD83EC7FD67}.Release|x86.Build.0 = Release|Any CPU
		{8E53DCAB-041B-43AB-8C26-C52AC077D80E}.Debug|Any CPU.ActiveCfg = Debug|Any CPU
		{8E53DCAB-041B-43AB-8C26-C52AC077D80E}.Debug|Any CPU.Build.0 = Debug|Any CPU
		{8E53DCAB-041B-43AB-8C26-C52AC077D80E}.Debug|x64.ActiveCfg = Debug|Any CPU
		{8E53DCAB-041B-43AB-8C26-C52AC077D80E}.Debug|x64.Build.0 = Debug|Any CPU
		{8E53DCAB-041B-43AB-8C26-C52AC077D80E}.Debug|x86.ActiveCfg = Debug|Any CPU
		{8E53DCAB-041B-43AB-8C26-C52AC077D80E}.Debug|x86.Build.0 = Debug|Any CPU
		{8E53DCAB-041B-43AB-8C26-C52AC077D80E}.Release|Any CPU.ActiveCfg = Release|Any CPU
		{8E53DCAB-041B-43AB-8C26-C52AC077D80E}.Release|Any CPU.Build.0 = Release|Any CPU
		{8E53DCAB-041B-43AB-8C26-C52AC077D80E}.Release|x64.ActiveCfg = Release|Any CPU
		{8E53DCAB-041B-43AB-8C26-C52AC077D80E}.Release|x64.Build.0 = Release|Any CPU
		{8E53DCAB-041B-43AB-8C26-C52AC077D80E}.Release|x86.ActiveCfg = Release|Any CPU
		{8E53DCAB-041B-43AB-8C26-C52AC077D80E}.Release|x86.Build.0 = Release|Any CPU
		{12714AD5-81B7-4843-830E-A5B6A21E7758}.Debug|Any CPU.ActiveCfg = Debug|Any CPU
		{12714AD5-81B7-4843-830E-A5B6A21E7758}.Debug|Any CPU.Build.0 = Debug|Any CPU
		{12714AD5-81B7-4843-830E-A5B6A21E7758}.Debug|x64.ActiveCfg = Debug|Any CPU
		{12714AD5-81B7-4843-830E-A5B6A21E7758}.Debug|x64.Build.0 = Debug|Any CPU
		{12714AD5-81B7-4843-830E-A5B6A21E7758}.Debug|x86.ActiveCfg = Debug|Any CPU
		{12714AD5-81B7-4843-830E-A5B6A21E7758}.Debug|x86.Build.0 = Debug|Any CPU
		{12714AD5-81B7-4843-830E-A5B6A21E7758}.Release|Any CPU.ActiveCfg = Release|Any CPU
		{12714AD5-81B7-4843-830E-A5B6A21E7758}.Release|Any CPU.Build.0 = Release|Any CPU
		{12714AD5-81B7-4843-830E-A5B6A21E7758}.Release|x64.ActiveCfg = Release|Any CPU
		{12714AD5-81B7-4843-830E-A5B6A21E7758}.Release|x64.Build.0 = Release|Any CPU
		{12714AD5-81B7-4843-830E-A5B6A21E7758}.Release|x86.ActiveCfg = Release|Any CPU
		{12714AD5-81B7-4843-830E-A5B6A21E7758}.Release|x86.Build.0 = Release|Any CPU
		{3C4160C7-E433-4D35-AD1F-E1C7AAF33FD5}.Debug|Any CPU.ActiveCfg = Debug|Any CPU
		{3C4160C7-E433-4D35-AD1F-E1C7AAF33FD5}.Debug|Any CPU.Build.0 = Debug|Any CPU
		{3C4160C7-E433-4D35-AD1F-E1C7AAF33FD5}.Debug|x64.ActiveCfg = Debug|Any CPU
		{3C4160C7-E433-4D35-AD1F-E1C7AAF33FD5}.Debug|x64.Build.0 = Debug|Any CPU
		{3C4160C7-E433-4D35-AD1F-E1C7AAF33FD5}.Debug|x86.ActiveCfg = Debug|Any CPU
		{3C4160C7-E433-4D35-AD1F-E1C7AAF33FD5}.Debug|x86.Build.0 = Debug|Any CPU
		{3C4160C7-E433-4D35-AD1F-E1C7AAF33FD5}.Release|Any CPU.ActiveCfg = Release|Any CPU
		{3C4160C7-E433-4D35-AD1F-E1C7AAF33FD5}.Release|Any CPU.Build.0 = Release|Any CPU
		{3C4160C7-E433-4D35-AD1F-E1C7AAF33FD5}.Release|x64.ActiveCfg = Release|Any CPU
		{3C4160C7-E433-4D35-AD1F-E1C7AAF33FD5}.Release|x64.Build.0 = Release|Any CPU
		{3C4160C7-E433-4D35-AD1F-E1C7AAF33FD5}.Release|x86.ActiveCfg = Release|Any CPU
		{3C4160C7-E433-4D35-AD1F-E1C7AAF33FD5}.Release|x86.Build.0 = Release|Any CPU
		{A2C2A35B-FE78-4C3F-A48E-375646FAB9B7}.Debug|Any CPU.ActiveCfg = Debug|Any CPU
		{A2C2A35B-FE78-4C3F-A48E-375646FAB9B7}.Debug|Any CPU.Build.0 = Debug|Any CPU
		{A2C2A35B-FE78-4C3F-A48E-375646FAB9B7}.Debug|x64.ActiveCfg = Debug|Any CPU
		{A2C2A35B-FE78-4C3F-A48E-375646FAB9B7}.Debug|x64.Build.0 = Debug|Any CPU
		{A2C2A35B-FE78-4C3F-A48E-375646FAB9B7}.Debug|x86.ActiveCfg = Debug|Any CPU
		{A2C2A35B-FE78-4C3F-A48E-375646FAB9B7}.Debug|x86.Build.0 = Debug|Any CPU
		{A2C2A35B-FE78-4C3F-A48E-375646FAB9B7}.Release|Any CPU.ActiveCfg = Release|Any CPU
		{A2C2A35B-FE78-4C3F-A48E-375646FAB9B7}.Release|Any CPU.Build.0 = Release|Any CPU
		{A2C2A35B-FE78-4C3F-A48E-375646FAB9B7}.Release|x64.ActiveCfg = Release|Any CPU
		{A2C2A35B-FE78-4C3F-A48E-375646FAB9B7}.Release|x64.Build.0 = Release|Any CPU
		{A2C2A35B-FE78-4C3F-A48E-375646FAB9B7}.Release|x86.ActiveCfg = Release|Any CPU
		{A2C2A35B-FE78-4C3F-A48E-375646FAB9B7}.Release|x86.Build.0 = Release|Any CPU
	EndGlobalSection
	GlobalSection(SolutionProperties) = preSolution
		HideSolutionNode = FALSE
	EndGlobalSection
EndGlobal
